# This file is automatically @generated by Cargo.
# It is not intended for manual editing.
version = 4

[[package]]
name = "Controllers"
version = "0.1.0"
dependencies = [
 "psx",
]

[[package]]
name = "FixedPointMath"
version = "0.1.0"
dependencies = [
 "psx",
]

[[package]]
name = "HelloWorld"
version = "0.1.0"
dependencies = [
 "psx",
]

[[package]]
name = "RandomNumbers"
version = "0.1.0"
dependencies = [
 "psx",
]

[[package]]
name = "TextureWarp"
version = "0.1.0"
dependencies = [
 "psx",
]

[[package]]
name = "Textures"
version = "0.1.0"
dependencies = [
 "psx",
]

[[package]]
name = "UsingCdRom"
version = "0.1.0"
dependencies = [
 "psx",
]

[[package]]
name = "YellowSqaure"
version = "0.1.0"
dependencies = [
 "psx",
]

[[package]]
name = "psx"
version = "0.1.8"
source = "git+https://github.com/ayrtonm/psx-sdk-rs.git#800e44369a6aae612e93a602b5c52d5cb9855799"
